# This file is automatically @generated by Cargo.
# It is not intended for manual editing.
version = 4

[[package]]
name = "blockly-abi"
version = "0.1.0"
dependencies = [
 "ogar-blockly",
]

[[package]]
name = "ogar-blockly"
version = "0.1.0"
source = "git+https://github.com/AdaWorldAPI/OGAR?branch=main#9280aadc8f347aaadc91e65b48add7ee5e98047e"
dependencies = [
 "ogar-vocab",
]

[[package]]
name = "ogar-vocab"
version = "0.1.0"
source = "git+https://github.com/AdaWorldAPI/OGAR?branch=main#9280aadc8f347aaadc91e65b48add7ee5e98047e"
